
Microsoft Visual Studio Solution File, Format Version 12.00
# Visual Studio Version 16
VisualStudioVersion = 16.0.29519.181
MinimumVisualStudioVersion = 10.0.40219.1
Project("{FAE04EC0-301F-11D3-BF4B-00C04F79EFBC}") = "Project4", "Project4\Project4.csproj", "{AF3717D5-7168-48DA-841F-968E8C4D9993}"
EndProject
Global
	GlobalSection(SolutionConfigurationPlatforms) = preSolution
		Debug|Any CPU = Debug|Any CPU
		Release|Any CPU = Release|Any CPU
	EndGlobalSection
	GlobalSection(ProjectConfigurationPlatforms) = postSolution
		{AF3717D5-7168-48DA-841F-968E8C4D9993}.Debug|Any CPU.ActiveCfg = Debug|Any CPU
		{AF3717D5-7168-48DA-841F-968E8C4D9993}.Debug|Any CPU.Build.0 = Debug|Any CPU
		{AF3717D5-7168-48DA-841F-968E8C4D9993}.Release|Any CPU.ActiveCfg = Release|Any CPU
		{AF3717D5-7168-48DA-841F-968E8C4D9993}.Release|Any CPU.Build.0 = Release|Any CPU
	EndGlobalSection
	GlobalSection(SolutionProperties) = preSolution
		HideSolutionNode = FALSE
	EndGlobalSection
	GlobalSection(ExtensibilityGlobals) = postSolution
		SolutionGuid = {AC7B6637-4477-4B46-9957-1B78C36B2C6C}
	EndGlobalSection
EndGlobal
